
Microsoft Visual Studio Solution File, Format Version 12.00
# Visual Studio 15
VisualStudioVersion = 15.0.28307.106
MinimumVisualStudioVersion = 10.0.40219.1
Project("{FAE04EC0-301F-11D3-BF4B-00C04F79EFBC}") = "Sugestao", "Sugestao\Sugestao.csproj", "{FC7A8241-2417-4704-92EF-7F29B2B78006}"
EndProject
Project("{2150E333-8FDC-42A3-9474-1A3956D46DE8}") = "01 - Site MVC", "01 - Site MVC", "{9C98194D-3479-4F83-95F8-B339D4380233}"
EndProject
Project("{2150E333-8FDC-42A3-9474-1A3956D46DE8}") = "02 - Camada de Servico", "02 - Camada de Servico", "{88280B40-71E1-4445-B894-628DA764811C}"
EndProject
Project("{2150E333-8FDC-42A3-9474-1A3956D46DE8}") = "03 - Regra de Negocio", "03 - Regra de Negocio", "{F7D340EA-09EE-441F-B4C9-DC885F1EA1B7}"
EndProject
Project("{2150E333-8FDC-42A3-9474-1A3956D46DE8}") = "04 - Acesso aos Dados", "04 - Acesso aos Dados", "{FFBC04C6-BC48-4AF1-886C-0DBFE78EEC4D}"
EndProject
Project("{2150E333-8FDC-42A3-9474-1A3956D46DE8}") = "05 - Dominio", "05 - Dominio", "{7585DF66-38BC-46CA-A001-819D8590861F}"
EndProject
Project("{FAE04EC0-301F-11D3-BF4B-00C04F79EFBC}") = "Sugestao_VO", "Sugestao_VO\Sugestao_VO.csproj", "{4EFB5980-E3C4-4243-858F-E5B1E0CE4F74}"
EndProject
Project("{FAE04EC0-301F-11D3-BF4B-00C04F79EFBC}") = "Sugestao_DAO", "Sugestao_DAO\Sugestao_DAO.csproj", "{62C3E892-F675-4310-8140-603E105D4945}"
EndProject
Global
	GlobalSection(SolutionConfigurationPlatforms) = preSolution
		Debug|Any CPU = Debug|Any CPU
		Release|Any CPU = Release|Any CPU
	EndGlobalSection
	GlobalSection(ProjectConfigurationPlatforms) = postSolution
		{FC7A8241-2417-4704-92EF-7F29B2B78006}.Debug|Any CPU.ActiveCfg = Debug|Any CPU
		{FC7A8241-2417-4704-92EF-7F29B2B78006}.Debug|Any CPU.Build.0 = Debug|Any CPU
		{FC7A8241-2417-4704-92EF-7F29B2B78006}.Release|Any CPU.ActiveCfg = Release|Any CPU
		{FC7A8241-2417-4704-92EF-7F29B2B78006}.Release|Any CPU.Build.0 = Release|Any CPU
		{4EFB5980-E3C4-4243-858F-E5B1E0CE4F74}.Debug|Any CPU.ActiveCfg = Debug|Any CPU
		{4EFB5980-E3C4-4243-858F-E5B1E0CE4F74}.Debug|Any CPU.Build.0 = Debug|Any CPU
		{4EFB5980-E3C4-4243-858F-E5B1E0CE4F74}.Release|Any CPU.ActiveCfg = Release|Any CPU
		{4EFB5980-E3C4-4243-858F-E5B1E0CE4F74}.Release|Any CPU.Build.0 = Release|Any CPU
		{62C3E892-F675-4310-8140-603E105D4945}.Debug|Any CPU.ActiveCfg = Debug|Any CPU
		{62C3E892-F675-4310-8140-603E105D4945}.Debug|Any CPU.Build.0 = Debug|Any CPU
		{62C3E892-F675-4310-8140-603E105D4945}.Release|Any CPU.ActiveCfg = Release|Any CPU
		{62C3E892-F675-4310-8140-603E105D4945}.Release|Any CPU.Build.0 = Release|Any CPU
	EndGlobalSection
	GlobalSection(SolutionProperties) = preSolution
		HideSolutionNode = FALSE
	EndGlobalSection
	GlobalSection(NestedProjects) = preSolution
		{FC7A8241-2417-4704-92EF-7F29B2B78006} = {9C98194D-3479-4F83-95F8-B339D4380233}
		{4EFB5980-E3C4-4243-858F-E5B1E0CE4F74} = {7585DF66-38BC-46CA-A001-819D8590861F}
		{62C3E892-F675-4310-8140-603E105D4945} = {FFBC04C6-BC48-4AF1-886C-0DBFE78EEC4D}
	EndGlobalSection
	GlobalSection(ExtensibilityGlobals) = postSolution
		SolutionGuid = {9BE95703-02F7-4816-AC5A-5BE162FDB0E4}
	EndGlobalSection
EndGlobal
